
Microsoft Visual Studio Solution File, Format Version 12.00
# Visual Studio 2013
VisualStudioVersion = 12.0.21005.1
MinimumVisualStudioVersion = 10.0.40219.1
Project("{FAE04EC0-301F-11D3-BF4B-00C04F79EFBC}") = "OnenoteOCR", "OnenoteOCR\OnenoteOCR.csproj", "{51FE127E-FF4C-445D-80D8-DB4B414953E3}"
EndProject
Project("{FAE04EC0-301F-11D3-BF4B-00C04F79EFBC}") = "TestApplication", "TestApplication\TestApplication.csproj", "{69467061-7386-4E74-9DAE-74D108DB4943}"
EndProject
Global
	GlobalSection(SolutionConfigurationPlatforms) = preSolution
		Debug|Any CPU = Debug|Any CPU
		Release|Any CPU = Release|Any CPU
	EndGlobalSection
	GlobalSection(ProjectConfigurationPlatforms) = postSolution
		{51FE127E-FF4C-445D-80D8-DB4B414953E3}.Debug|Any CPU.ActiveCfg = Debug|Any CPU
		{51FE127E-FF4C-445D-80D8-DB4B414953E3}.Debug|Any CPU.Build.0 = Debug|Any CPU
		{51FE127E-FF4C-445D-80D8-DB4B414953E3}.Release|Any CPU.ActiveCfg = Release|Any CPU
		{51FE127E-FF4C-445D-80D8-DB4B414953E3}.Release|Any CPU.Build.0 = Release|Any CPU
		{69467061-7386-4E74-9DAE-74D108DB4943}.Debug|Any CPU.ActiveCfg = Debug|Any CPU
		{69467061-7386-4E74-9DAE-74D108DB4943}.Debug|Any CPU.Build.0 = Debug|Any CPU
		{69467061-7386-4E74-9DAE-74D108DB4943}.Release|Any CPU.ActiveCfg = Release|Any CPU
		{69467061-7386-4E74-9DAE-74D108DB4943}.Release|Any CPU.Build.0 = Release|Any CPU
	EndGlobalSection
	GlobalSection(SolutionProperties) = preSolution
		HideSolutionNode = FALSE
	EndGlobalSection
EndGlobal
